
Microsoft Visual Studio Solution File, Format Version 12.00
Project("{FAE04EC0-301F-11D3-BF4B-00C04F79EFBC}") = "Calculator", "Calculator\Calculator.csproj", "{35DBFAB9-E95B-4533-8A72-8A8FF6EC54AB}"
EndProject
Project("{FAE04EC0-301F-11D3-BF4B-00C04F79EFBC}") = "ParserGenerator", "ParserGenerator\ParserGenerator.csproj", "{E1240C1E-F58F-4C87-8B26-E5C02704C615}"
EndProject
Global
	GlobalSection(SolutionConfigurationPlatforms) = preSolution
		Debug|Any CPU = Debug|Any CPU
		Release|Any CPU = Release|Any CPU
	EndGlobalSection
	GlobalSection(ProjectConfigurationPlatforms) = postSolution
		{35DBFAB9-E95B-4533-8A72-8A8FF6EC54AB}.Debug|Any CPU.ActiveCfg = Debug|Any CPU
		{35DBFAB9-E95B-4533-8A72-8A8FF6EC54AB}.Debug|Any CPU.Build.0 = Debug|Any CPU
		{35DBFAB9-E95B-4533-8A72-8A8FF6EC54AB}.Release|Any CPU.ActiveCfg = Release|Any CPU
		{35DBFAB9-E95B-4533-8A72-8A8FF6EC54AB}.Release|Any CPU.Build.0 = Release|Any CPU
		{E1240C1E-F58F-4C87-8B26-E5C02704C615}.Debug|Any CPU.ActiveCfg = Debug|Any CPU
		{E1240C1E-F58F-4C87-8B26-E5C02704C615}.Debug|Any CPU.Build.0 = Debug|Any CPU
		{E1240C1E-F58F-4C87-8B26-E5C02704C615}.Release|Any CPU.ActiveCfg = Release|Any CPU
		{E1240C1E-F58F-4C87-8B26-E5C02704C615}.Release|Any CPU.Build.0 = Release|Any CPU
	EndGlobalSection
EndGlobal
